
Microsoft Visual Studio Solution File, Format Version 12.00
# Visual Studio Version 17
VisualStudioVersion = 17.0.32112.339
MinimumVisualStudioVersion = 10.0.40219.1
Project("{FAE04EC0-301F-11D3-BF4B-00C04F79EFBC}") = "Área de uma parede", "Área de uma parede.csproj", "{BED4CD9E-AE77-451D-A4B6-96E397276029}"
EndProject
Global
	GlobalSection(SolutionConfigurationPlatforms) = preSolution
		Debug|Any CPU = Debug|Any CPU
		Release|Any CPU = Release|Any CPU
	EndGlobalSection
	GlobalSection(ProjectConfigurationPlatforms) = postSolution
		{BED4CD9E-AE77-451D-A4B6-96E397276029}.Debug|Any CPU.ActiveCfg = Debug|Any CPU
		{BED4CD9E-AE77-451D-A4B6-96E397276029}.Debug|Any CPU.Build.0 = Debug|Any CPU
		{BED4CD9E-AE77-451D-A4B6-96E397276029}.Release|Any CPU.ActiveCfg = Release|Any CPU
		{BED4CD9E-AE77-451D-A4B6-96E397276029}.Release|Any CPU.Build.0 = Release|Any CPU
	EndGlobalSection
	GlobalSection(SolutionProperties) = preSolution
		HideSolutionNode = FALSE
	EndGlobalSection
	GlobalSection(ExtensibilityGlobals) = postSolution
		SolutionGuid = {CB85C302-DAAD-4632-80AC-3B188EFB5B87}
	EndGlobalSection
EndGlobal
